// !$*UTF8*$!
{
	archiveVersion = 1;
	classes = {
	};
	objectVersion = 46;
	objects = {

/* Begin PBXBuildFile section */
		C6DEB8321B3A66C500477ED2 /* YCKeychainService.h in Headers */ = {isa = PBXBuildFile; fileRef = C6DEB8311B3A66C500477ED2 /* YCKeychainService.h */; settings = {ATTRIBUTES = (Public, ); }; };
		C6DEB8381B3A66C500477ED2 /* YCKeychainService.framework in Frameworks */ = {isa = PBXBuildFile; fileRef = C6DEB82C1B3A66C500477ED2 /* YCKeychainService.framework */; };
		C6DEB83F1B3A66C500477ED2 /* YCKeychainServiceTests.m in Sources */ = {isa = PBXBuildFile; fileRef = C6DEB83E1B3A66C500477ED2 /* YCKeychainServiceTests.m */; };
		C6DEB8521B3A6DFD00477ED2 /* YCKeychain.h in Headers */ = {isa = PBXBuildFile; fileRef = C6DEB8501B3A6DFD00477ED2 /* YCKeychain.h */; };
		C6DEB8531B3A6DFD00477ED2 /* YCKeychain.m in Sources */ = {isa = PBXBuildFile; fileRef = C6DEB8511B3A6DFD00477ED2 /* YCKeychain.m */; };
		C6DEB8561B3A720000477ED2 /* YCKeychainACL.h in Headers */ = {isa = PBXBuildFile; fileRef = C6DEB8541B3A720000477ED2 /* YCKeychainACL.h */; };
		C6DEB8571B3A720000477ED2 /* YCKeychainACL.m in Sources */ = {isa = PBXBuildFile; fileRef = C6DEB8551B3A720000477ED2 /* YCKeychainACL.m */; };
		C6DEB85C1B3A960600477ED2 /* Foundation.framework in Frameworks */ = {isa = PBXBuildFile; fileRef = C6DEB85B1B3A960600477ED2 /* Foundation.framework */; };
		C6DEB85E1B3A961300477ED2 /* Security.framework in Frameworks */ = {isa = PBXBuildFile; fileRef = C6DEB85D1B3A961300477ED2 /* Security.framework */; };
		C6DEB8651B3A96D300477ED2 /* CommonUtilties.h in Headers */ = {isa = PBXBuildFile; fileRef = C6DEB8631B3A96D300477ED2 /* CommonUtilties.h */; };
		C6DEB8661B3A96D300477ED2 /* CommonUtilties.m in Sources */ = {isa = PBXBuildFile; fileRef = C6DEB8641B3A96D300477ED2 /* CommonUtilties.m */; };
		C6DEB8681B3A9F8E00477ED2 /* YCKeychainStorageTest.m in Sources */ = {isa = PBXBuildFile; fileRef = C6DEB8671B3A9F8E00477ED2 /* YCKeychainStorageTest.m */; };
		C6DEB86B1B3AA2F200477ED2 /* YCKeychainItem.h in Headers */ = {isa = PBXBuildFile; fileRef = C6DEB8691B3AA2F200477ED2 /* YCKeychainItem.h */; };
		C6DEB86C1B3AA2F200477ED2 /* YCKeychainItem.m in Sources */ = {isa = PBXBuildFile; fileRef = C6DEB86A1B3AA2F200477ED2 /* YCKeychainItem.m */; };
		C6DEB86F1B3AAEB100477ED2 /* YCInternetKeychainItem.h in Headers */ = {isa = PBXBuildFile; fileRef = C6DEB86D1B3AAEB100477ED2 /* YCInternetKeychainItem.h */; };
		C6DEB8701B3AAEB100477ED2 /* YCInternetKeychainItem.m in Sources */ = {isa = PBXBuildFile; fileRef = C6DEB86E1B3AAEB100477ED2 /* YCInternetKeychainItem.m */; };
		C6DEB8771B3AB20700477ED2 /* YCKeychainItem+private.h in Headers */ = {isa = PBXBuildFile; fileRef = C6DEB8751B3AB20700477ED2 /* YCKeychainItem+private.h */; };
		C6DEB8781B3AB20700477ED2 /* YCKeychainItem+private.m in Sources */ = {isa = PBXBuildFile; fileRef = C6DEB8761B3AB20700477ED2 /* YCKeychainItem+private.m */; };
		C6DEB87D1B3AB4B400477ED2 /* YCInternetKeychainItemTest.m in Sources */ = {isa = PBXBuildFile; fileRef = C6DEB87C1B3AB4B400477ED2 /* YCInternetKeychainItemTest.m */; };
		C6DEB8801B3AB8D200477ED2 /* YCHTTPSKeychainItem.h in Headers */ = {isa = PBXBuildFile; fileRef = C6DEB87E1B3AB8D200477ED2 /* YCHTTPSKeychainItem.h */; };
		C6DEB8811B3AB8D200477ED2 /* YCHTTPSKeychainItem.m in Sources */ = {isa = PBXBuildFile; fileRef = C6DEB87F1B3AB8D200477ED2 /* YCHTTPSKeychainItem.m */; };
		C6DEB8831B3ABBD400477ED2 /* YCHTTPSKeychainItemTest.m in Sources */ = {isa = PBXBuildFile; fileRef = C6DEB8821B3ABBD400477ED2 /* YCHTTPSKeychainItemTest.m */; };
/* End PBXBuildFile section */

/* Begin PBXContainerItemProxy section */
		C6DEB8391B3A66C500477ED2 /* PBXContainerItemProxy */ = {
			isa = PBXContainerItemProxy;
			containerPortal = C6DEB8231B3A66C500477ED2 /* Project object */;
			proxyType = 1;
			remoteGlobalIDString = C6DEB82B1B3A66C500477ED2;
			remoteInfo = YCKeychainService;
		};
/* End PBXContainerItemProxy section */

/* Begin PBXFileReference section */
		C6DEB82C1B3A66C500477ED2 /* YCKeychainService.framework */ = {isa = PBXFileReference; explicitFileType = wrapper.framework; includeInIndex = 0; path = YCKeychainService.framework; sourceTree = BUILT_PRODUCTS_DIR; };
		C6DEB8301B3A66C500477ED2 /* Info.plist */ = {isa = PBXFileReference; lastKnownFileType = text.plist.xml; path = Info.plist; sourceTree = "<group>"; };
		C6DEB8311B3A66C500477ED2 /* YCKeychainService.h */ = {isa = PBXFileReference; lastKnownFileType = sourcecode.c.h; path = YCKeychainService.h; sourceTree = "<group>"; };
		C6DEB8371B3A66C500477ED2 /* YCKeychainServiceTests.xctest */ = {isa = PBXFileReference; explicitFileType = wrapper.cfbundle; includeInIndex = 0; path = YCKeychainServiceTests.xctest; sourceTree = BUILT_PRODUCTS_DIR; };
		C6DEB83D1B3A66C500477ED2 /* Info.plist */ = {isa = PBXFileReference; lastKnownFileType = text.plist.xml; path = Info.plist; sourceTree = "<group>"; };
		C6DEB83E1B3A66C500477ED2 /* YCKeychainServiceTests.m */ = {isa = PBXFileReference; lastKnownFileType = sourcecode.c.objc; path = YCKeychainServiceTests.m; sourceTree = "<group>"; };
		C6DEB8501B3A6DFD00477ED2 /* YCKeychain.h */ = {isa = PBXFileReference; fileEncoding = 4; lastKnownFileType = sourcecode.c.h; name = YCKeychain.h; path = KeychainStorage/YCKeychain.h; sourceTree = "<group>"; };
		C6DEB8511B3A6DFD00477ED2 /* YCKeychain.m */ = {isa = PBXFileReference; fileEncoding = 4; lastKnownFileType = sourcecode.c.objc; name = YCKeychain.m; path = KeychainStorage/YCKeychain.m; sourceTree = "<group>"; };
		C6DEB8541B3A720000477ED2 /* YCKeychainACL.h */ = {isa = PBXFileReference; fileEncoding = 4; lastKnownFileType = sourcecode.c.h; name = YCKeychainACL.h; path = KeychainStorage/YCKeychainACL.h; sourceTree = "<group>"; };
		C6DEB8551B3A720000477ED2 /* YCKeychainACL.m */ = {isa = PBXFileReference; fileEncoding = 4; lastKnownFileType = sourcecode.c.objc; name = YCKeychainACL.m; path = KeychainStorage/YCKeychainACL.m; sourceTree = "<group>"; };
		C6DEB85B1B3A960600477ED2 /* Foundation.framework */ = {isa = PBXFileReference; lastKnownFileType = wrapper.framework; name = Foundation.framework; path = System/Library/Frameworks/Foundation.framework; sourceTree = SDKROOT; };
		C6DEB85D1B3A961300477ED2 /* Security.framework */ = {isa = PBXFileReference; lastKnownFileType = wrapper.framework; name = Security.framework; path = System/Library/Frameworks/Security.framework; sourceTree = SDKROOT; };
		C6DEB8631B3A96D300477ED2 /* CommonUtilties.h */ = {isa = PBXFileReference; fileEncoding = 4; lastKnownFileType = sourcecode.c.h; name = CommonUtilties.h; path = "Supporting Functions/CommonUtilties.h"; sourceTree = "<group>"; };
		C6DEB8641B3A96D300477ED2 /* CommonUtilties.m */ = {isa = PBXFileReference; fileEncoding = 4; lastKnownFileType = sourcecode.c.objc; name = CommonUtilties.m; path = "Supporting Functions/CommonUtilties.m"; sourceTree = "<group>"; };
		C6DEB8671B3A9F8E00477ED2 /* YCKeychainStorageTest.m */ = {isa = PBXFileReference; fileEncoding = 4; lastKnownFileType = sourcecode.c.objc; path = YCKeychainStorageTest.m; sourceTree = "<group>"; };
		C6DEB8691B3AA2F200477ED2 /* YCKeychainItem.h */ = {isa = PBXFileReference; fileEncoding = 4; lastKnownFileType = sourcecode.c.h; name = YCKeychainItem.h; path = KeychainItem/YCKeychainItem.h; sourceTree = "<group>"; };
		C6DEB86A1B3AA2F200477ED2 /* YCKeychainItem.m */ = {isa = PBXFileReference; fileEncoding = 4; lastKnownFileType = sourcecode.c.objc; name = YCKeychainItem.m; path = KeychainItem/YCKeychainItem.m; sourceTree = "<group>"; };
		C6DEB86D1B3AAEB100477ED2 /* YCInternetKeychainItem.h */ = {isa = PBXFileReference; fileEncoding = 4; lastKnownFileType = sourcecode.c.h; name = YCInternetKeychainItem.h; path = InternetKeychainItem/YCInternetKeychainItem.h; sourceTree = "<group>"; };
		C6DEB86E1B3AAEB100477ED2 /* YCInternetKeychainItem.m */ = {isa = PBXFileReference; fileEncoding = 4; lastKnownFileType = sourcecode.c.objc; name = YCInternetKeychainItem.m; path = InternetKeychainItem/YCInternetKeychainItem.m; sourceTree = "<group>"; };
		C6DEB8751B3AB20700477ED2 /* YCKeychainItem+private.h */ = {isa = PBXFileReference; fileEncoding = 4; lastKnownFileType = sourcecode.c.h; name = "YCKeychainItem+private.h"; path = "KeychainItem/YCKeychainItem+private.h"; sourceTree = "<group>"; };
		C6DEB8761B3AB20700477ED2 /* YCKeychainItem+private.m */ = {isa = PBXFileReference; fileEncoding = 4; lastKnownFileType = sourcecode.c.objc; name = "YCKeychainItem+private.m"; path = "KeychainItem/YCKeychainItem+private.m"; sourceTree = "<group>"; };
		C6DEB87C1B3AB4B400477ED2 /* YCInternetKeychainItemTest.m */ = {isa = PBXFileReference; fileEncoding = 4; lastKnownFileType = sourcecode.c.objc; path = YCInternetKeychainItemTest.m; sourceTree = "<group>"; };
		C6DEB87E1B3AB8D200477ED2 /* YCHTTPSKeychainItem.h */ = {isa = PBXFileReference; fileEncoding = 4; lastKnownFileType = sourcecode.c.h; name = YCHTTPSKeychainItem.h; path = InternetKeychainItem/YCHTTPSKeychainItem.h; sourceTree = "<group>"; };
		C6DEB87F1B3AB8D200477ED2 /* YCHTTPSKeychainItem.m */ = {isa = PBXFileReference; fileEncoding = 4; lastKnownFileType = sourcecode.c.objc; name = YCHTTPSKeychainItem.m; path = InternetKeychainItem/YCHTTPSKeychainItem.m; sourceTree = "<group>"; };
		C6DEB8821B3ABBD400477ED2 /* YCHTTPSKeychainItemTest.m */ = {isa = PBXFileReference; fileEncoding = 4; lastKnownFileType = sourcecode.c.objc; path = YCHTTPSKeychainItemTest.m; sourceTree = "<group>"; };
/* End PBXFileReference section */

/* Begin PBXFrameworksBuildPhase section */
		C6DEB8281B3A66C500477ED2 /* Frameworks */ = {
			isa = PBXFrameworksBuildPhase;
			buildActionMask = 2147483647;
			files = (
				C6DEB85E1B3A961300477ED2 /* Security.framework in Frameworks */,
				C6DEB85C1B3A960600477ED2 /* Foundation.framework in Frameworks */,
			);
			runOnlyForDeploymentPostprocessing = 0;
		};
		C6DEB8341B3A66C500477ED2 /* Frameworks */ = {
			isa = PBXFrameworksBuildPhase;
			buildActionMask = 2147483647;
			files = (
				C6DEB8381B3A66C500477ED2 /* YCKeychainService.framework in Frameworks */,
			);
			runOnlyForDeploymentPostprocessing = 0;
		};
/* End PBXFrameworksBuildPhase section */

/* Begin PBXGroup section */
		C6DEB8221B3A66C500477ED2 = {
			isa = PBXGroup;
			children = (
				C6DEB82E1B3A66C500477ED2 /* YCKeychainService */,
				C6DEB83B1B3A66C500477ED2 /* YCKeychainServiceTests */,
				C6DEB82D1B3A66C500477ED2 /* Products */,
			);
			sourceTree = "<group>";
		};
		C6DEB82D1B3A66C500477ED2 /* Products */ = {
			isa = PBXGroup;
			children = (
				C6DEB82C1B3A66C500477ED2 /* YCKeychainService.framework */,
				C6DEB8371B3A66C500477ED2 /* YCKeychainServiceTests.xctest */,
			);
			name = Products;
			sourceTree = "<group>";
		};
		C6DEB82E1B3A66C500477ED2 /* YCKeychainService */ = {
			isa = PBXGroup;
			children = (
				C6DEB8311B3A66C500477ED2 /* YCKeychainService.h */,
				C6DEB8481B3A6A9100477ED2 /* KeychainStorage */,
				C6DEB8491B3A6AAA00477ED2 /* KeychainItem */,
				C6DEB84A1B3A6ACB00477ED2 /* Supporting Functions */,
				C6DEB82F1B3A66C500477ED2 /* Supporting Files */,
				C6DEB84B1B3A6AE700477ED2 /* Frameworks */,
			);
			path = YCKeychainService;
			sourceTree = "<group>";
		};
		C6DEB82F1B3A66C500477ED2 /* Supporting Files */ = {
			isa = PBXGroup;
			children = (
				C6DEB8301B3A66C500477ED2 /* Info.plist */,
			);
			name = "Supporting Files";
			sourceTree = "<group>";
		};
		C6DEB83B1B3A66C500477ED2 /* YCKeychainServiceTests */ = {
			isa = PBXGroup;
			children = (
				C6DEB83E1B3A66C500477ED2 /* YCKeychainServiceTests.m */,
				C6DEB84E1B3A6B3500477ED2 /* KeychainStorage */,
				C6DEB84F1B3A6B4300477ED2 /* KeychainItem */,
				C6DEB83C1B3A66C500477ED2 /* Supporting Files */,
			);
			path = YCKeychainServiceTests;
			sourceTree = "<group>";
		};
		C6DEB83C1B3A66C500477ED2 /* Supporting Files */ = {
			isa = PBXGroup;
			children = (
				C6DEB83D1B3A66C500477ED2 /* Info.plist */,
			);
			name = "Supporting Files";
			sourceTree = "<group>";
		};
		C6DEB8481B3A6A9100477ED2 /* KeychainStorage */ = {
			isa = PBXGroup;
			children = (
				C6DEB8541B3A720000477ED2 /* YCKeychainACL.h */,
				C6DEB8551B3A720000477ED2 /* YCKeychainACL.m */,
				C6DEB8501B3A6DFD00477ED2 /* YCKeychain.h */,
				C6DEB8511B3A6DFD00477ED2 /* YCKeychain.m */,
			);
			name = KeychainStorage;
			sourceTree = "<group>";
		};
		C6DEB8491B3A6AAA00477ED2 /* KeychainItem */ = {
			isa = PBXGroup;
			children = (
				C6DEB8691B3AA2F200477ED2 /* YCKeychainItem.h */,
				C6DEB86A1B3AA2F200477ED2 /* YCKeychainItem.m */,
				C6DEB8751B3AB20700477ED2 /* YCKeychainItem+private.h */,
				C6DEB8761B3AB20700477ED2 /* YCKeychainItem+private.m */,
				C6DEB84D1B3A6B1C00477ED2 /* InternetKeychainItem */,
				C6DEB84C1B3A6B0F00477ED2 /* GenericKeychainItem */,
			);
			name = KeychainItem;
			sourceTree = "<group>";
		};
		C6DEB84A1B3A6ACB00477ED2 /* Supporting Functions */ = {
			isa = PBXGroup;
			children = (
				C6DEB8631B3A96D300477ED2 /* CommonUtilties.h */,
				C6DEB8641B3A96D300477ED2 /* CommonUtilties.m */,
			);
			name = "Supporting Functions";
			sourceTree = "<group>";
		};
		C6DEB84B1B3A6AE700477ED2 /* Frameworks */ = {
			isa = PBXGroup;
			children = (
				C6DEB85B1B3A960600477ED2 /* Foundation.framework */,
				C6DEB85D1B3A961300477ED2 /* Security.framework */,
			);
			name = Frameworks;
			sourceTree = "<group>";
		};
		C6DEB84C1B3A6B0F00477ED2 /* GenericKeychainItem */ = {
			isa = PBXGroup;
			children = (
			);
			name = GenericKeychainItem;
			sourceTree = "<group>";
		};
		C6DEB84D1B3A6B1C00477ED2 /* InternetKeychainItem */ = {
			isa = PBXGroup;
			children = (
				C6DEB86D1B3AAEB100477ED2 /* YCInternetKeychainItem.h */,
				C6DEB86E1B3AAEB100477ED2 /* YCInternetKeychainItem.m */,
				C6DEB87E1B3AB8D200477ED2 /* YCHTTPSKeychainItem.h */,
				C6DEB87F1B3AB8D200477ED2 /* YCHTTPSKeychainItem.m */,
			);
			name = InternetKeychainItem;
			sourceTree = "<group>";
		};
		C6DEB84E1B3A6B3500477ED2 /* KeychainStorage */ = {
			isa = PBXGroup;
			children = (
				C6DEB8671B3A9F8E00477ED2 /* YCKeychainStorageTest.m */,
			);
			name = KeychainStorage;
			sourceTree = "<group>";
		};
		C6DEB84F1B3A6B4300477ED2 /* KeychainItem */ = {
			isa = PBXGroup;
			children = (
				C6DEB8791B3AB46500477ED2 /* InternetKeychainItem */,
			);
			name = KeychainItem;
			sourceTree = "<group>";
		};
		C6DEB8791B3AB46500477ED2 /* InternetKeychainItem */ = {
			isa = PBXGroup;
			children = (
				C6DEB87C1B3AB4B400477ED2 /* YCInternetKeychainItemTest.m */,
				C6DEB8821B3ABBD400477ED2 /* YCHTTPSKeychainItemTest.m */,
			);
			name = InternetKeychainItem;
			sourceTree = "<group>";
		};
/* End PBXGroup section */

/* Begin PBXHeadersBuildPhase section */
		C6DEB8291B3A66C500477ED2 /* Headers */ = {
			isa = PBXHeadersBuildPhase;
			buildActionMask = 2147483647;
			files = (
				C6DEB8521B3A6DFD00477ED2 /* YCKeychain.h in Headers */,
				C6DEB86B1B3AA2F200477ED2 /* YCKeychainItem.h in Headers */,
				C6DEB8561B3A720000477ED2 /* YCKeychainACL.h in Headers */,
				C6DEB8651B3A96D300477ED2 /* CommonUtilties.h in Headers */,
				C6DEB86F1B3AAEB100477ED2 /* YCInternetKeychainItem.h in Headers */,
				C6DEB8801B3AB8D200477ED2 /* YCHTTPSKeychainItem.h in Headers */,
				C6DEB8321B3A66C500477ED2 /* YCKeychainService.h in Headers */,
				C6DEB8771B3AB20700477ED2 /* YCKeychainItem+private.h in Headers */,
			);
			runOnlyForDeploymentPostprocessing = 0;
		};
/* End PBXHeadersBuildPhase section */

/* Begin PBXNativeTarget section */
		C6DEB82B1B3A66C500477ED2 /* YCKeychainService */ = {
			isa = PBXNativeTarget;
			buildConfigurationList = C6DEB8421B3A66C500477ED2 /* Build configuration list for PBXNativeTarget "YCKeychainService" */;
			buildPhases = (
				C6DEB8271B3A66C500477ED2 /* Sources */,
				C6DEB8281B3A66C500477ED2 /* Frameworks */,
				C6DEB8291B3A66C500477ED2 /* Headers */,
				C6DEB82A1B3A66C500477ED2 /* Resources */,
			);
			buildRules = (
			);
			dependencies = (
			);
			name = YCKeychainService;
			productName = YCKeychainService;
			productReference = C6DEB82C1B3A66C500477ED2 /* YCKeychainService.framework */;
			productType = "com.apple.product-type.framework";
		};
		C6DEB8361B3A66C500477ED2 /* YCKeychainServiceTests */ = {
			isa = PBXNativeTarget;
			buildConfigurationList = C6DEB8451B3A66C500477ED2 /* Build configuration list for PBXNativeTarget "YCKeychainServiceTests" */;
			buildPhases = (
				C6DEB8331B3A66C500477ED2 /* Sources */,
				C6DEB8341B3A66C500477ED2 /* Frameworks */,
				C6DEB8351B3A66C500477ED2 /* Resources */,
			);
			buildRules = (
			);
			dependencies = (
				C6DEB83A1B3A66C500477ED2 /* PBXTargetDependency */,
			);
			name = YCKeychainServiceTests;
			productName = YCKeychainServiceTests;
			productReference = C6DEB8371B3A66C500477ED2 /* YCKeychainServiceTests.xctest */;
			productType = "com.apple.product-type.bundle.unit-test";
		};
/* End PBXNativeTarget section */

/* Begin PBXProject section */
		C6DEB8231B3A66C500477ED2 /* Project object */ = {
			isa = PBXProject;
			attributes = {
				LastUpgradeCheck = 0630;
				ORGANIZATIONNAME = "Instrumentality of Mankind";
				TargetAttributes = {
					C6DEB82B1B3A66C500477ED2 = {
						CreatedOnToolsVersion = 6.3.2;
					};
					C6DEB8361B3A66C500477ED2 = {
						CreatedOnToolsVersion = 6.3.2;
					};
				};
			};
			buildConfigurationList = C6DEB8261B3A66C500477ED2 /* Build configuration list for PBXProject "YCKeychainService" */;
			compatibilityVersion = "Xcode 3.2";
			developmentRegion = English;
			hasScannedForEncodings = 0;
			knownRegions = (
				en,
			);
			mainGroup = C6DEB8221B3A66C500477ED2;
			productRefGroup = C6DEB82D1B3A66C500477ED2 /* Products */;
			projectDirPath = "";
			projectRoot = "";
			targets = (
				C6DEB82B1B3A66C500477ED2 /* YCKeychainService */,
				C6DEB8361B3A66C500477ED2 /* YCKeychainServiceTests */,
			);
		};
/* End PBXProject section */

/* Begin PBXResourcesBuildPhase section */
		C6DEB82A1B3A66C500477ED2 /* Resources */ = {
			isa = PBXResourcesBuildPhase;
			buildActionMask = 2147483647;
			files = (
			);
			runOnlyForDeploymentPostprocessing = 0;
		};
		C6DEB8351B3A66C500477ED2 /* Resources */ = {
			isa = PBXResourcesBuildPhase;
			buildActionMask = 2147483647;
			files = (
			);
			runOnlyForDeploymentPostprocessing = 0;
		};
/* End PBXResourcesBuildPhase section */

/* Begin PBXSourcesBuildPhase section */
		C6DEB8271B3A66C500477ED2 /* Sources */ = {
			isa = PBXSourcesBuildPhase;
			buildActionMask = 2147483647;
			files = (
				C6DEB8661B3A96D300477ED2 /* CommonUtilties.m in Sources */,
				C6DEB8701B3AAEB100477ED2 /* YCInternetKeychainItem.m in Sources */,
				C6DEB8571B3A720000477ED2 /* YCKeychainACL.m in Sources */,
				C6DEB86C1B3AA2F200477ED2 /* YCKeychainItem.m in Sources */,
				C6DEB8811B3AB8D200477ED2 /* YCHTTPSKeychainItem.m in Sources */,
				C6DEB8781B3AB20700477ED2 /* YCKeychainItem+private.m in Sources */,
				C6DEB8531B3A6DFD00477ED2 /* YCKeychain.m in Sources */,
			);
			runOnlyForDeploymentPostprocessing = 0;
		};
		C6DEB8331B3A66C500477ED2 /* Sources */ = {
			isa = PBXSourcesBuildPhase;
			buildActionMask = 2147483647;
			files = (
				C6DEB83F1B3A66C500477ED2 /* YCKeychainServiceTests.m in Sources */,
				C6DEB8681B3A9F8E00477ED2 /* YCKeychainStorageTest.m in Sources */,
				C6DEB8831B3ABBD400477ED2 /* YCHTTPSKeychainItemTest.m in Sources */,
				C6DEB87D1B3AB4B400477ED2 /* YCInternetKeychainItemTest.m in Sources */,
			);
			runOnlyForDeploymentPostprocessing = 0;
		};
/* End PBXSourcesBuildPhase section */

/* Begin PBXTargetDependency section */
		C6DEB83A1B3A66C500477ED2 /* PBXTargetDependency */ = {
			isa = PBXTargetDependency;
			target = C6DEB82B1B3A66C500477ED2 /* YCKeychainService */;
			targetProxy = C6DEB8391B3A66C500477ED2 /* PBXContainerItemProxy */;
		};
/* End PBXTargetDependency section */

/* Begin XCBuildConfiguration section */
		C6DEB8401B3A66C500477ED2 /* Debug */ = {
			isa = XCBuildConfiguration;
			buildSettings = {
				ALWAYS_SEARCH_USER_PATHS = NO;
				CLANG_CXX_LANGUAGE_STANDARD = "gnu++0x";
				CLANG_CXX_LIBRARY = "libc++";
				CLANG_ENABLE_MODULES = YES;
				CLANG_ENABLE_OBJC_ARC = YES;
				CLANG_WARN_BOOL_CONVERSION = YES;
				CLANG_WARN_CONSTANT_CONVERSION = YES;
				CLANG_WARN_DIRECT_OBJC_ISA_USAGE = YES_ERROR;
				CLANG_WARN_EMPTY_BODY = YES;
				CLANG_WARN_ENUM_CONVERSION = YES;
				CLANG_WARN_INT_CONVERSION = YES;
				CLANG_WARN_OBJC_ROOT_CLASS = YES_ERROR;
				CLANG_WARN_UNREACHABLE_CODE = YES;
				CLANG_WARN__DUPLICATE_METHOD_MATCH = YES;
				COPY_PHASE_STRIP = NO;
				CURRENT_PROJECT_VERSION = 1;
				DEBUG_INFORMATION_FORMAT = dwarf;
				ENABLE_STRICT_OBJC_MSGSEND = YES;
				GCC_C_LANGUAGE_STANDARD = gnu99;
				GCC_DYNAMIC_NO_PIC = NO;
				GCC_NO_COMMON_BLOCKS = YES;
				GCC_OPTIMIZATION_LEVEL = 0;
				GCC_PREPROCESSOR_DEFINITIONS = (
					"DEBUG=1",
					"$(inherited)",
				);
				GCC_SYMBOLS_PRIVATE_EXTERN = NO;
				GCC_WARN_64_TO_32_BIT_CONVERSION = YES;
				GCC_WARN_ABOUT_RETURN_TYPE = YES_ERROR;
				GCC_WARN_UNDECLARED_SELECTOR = YES;
				GCC_WARN_UNINITIALIZED_AUTOS = YES_AGGRESSIVE;
				GCC_WARN_UNUSED_FUNCTION = YES;
				GCC_WARN_UNUSED_VARIABLE = YES;
				MACOSX_DEPLOYMENT_TARGET = 10.10;
				MTL_ENABLE_DEBUG_INFO = YES;
				ONLY_ACTIVE_ARCH = YES;
				SDKROOT = macosx;
				VERSIONING_SYSTEM = "apple-generic";
				VERSION_INFO_PREFIX = "";
			};
			name = Debug;
		};
		C6DEB8411B3A66C500477ED2 /* Release */ = {
			isa = XCBuildConfiguration;
			buildSettings = {
				ALWAYS_SEARCH_USER_PATHS = NO;
				CLANG_CXX_LANGUAGE_STANDARD = "gnu++0x";
				CLANG_CXX_LIBRARY = "libc++";
				CLANG_ENABLE_MODULES = YES;
				CLANG_ENABLE_OBJC_ARC = YES;
				CLANG_WARN_BOOL_CONVERSION = YES;
				CLANG_WARN_CONSTANT_CONVERSION = YES;
				CLANG_WARN_DIRECT_OBJC_ISA_USAGE = YES_ERROR;
				CLANG_WARN_EMPTY_BODY = YES;
				CLANG_WARN_ENUM_CONVERSION = YES;
				CLANG_WARN_INT_CONVERSION = YES;
				CLANG_WARN_OBJC_ROOT_CLASS = YES_ERROR;
				CLANG_WARN_UNREACHABLE_CODE = YES;
				CLANG_WARN__DUPLICATE_METHOD_MATCH = YES;
				COPY_PHASE_STRIP = NO;
				CURRENT_PROJECT_VERSION = 1;
				DEBUG_INFORMATION_FORMAT = "dwarf-with-dsym";
				ENABLE_NS_ASSERTIONS = NO;
				ENABLE_STRICT_OBJC_MSGSEND = YES;
				GCC_C_LANGUAGE_STANDARD = gnu99;
				GCC_NO_COMMON_BLOCKS = YES;
				GCC_WARN_64_TO_32_BIT_CONVERSION = YES;
				GCC_WARN_ABOUT_RETURN_TYPE = YES_ERROR;
				GCC_WARN_UNDECLARED_SELECTOR = YES;
				GCC_WARN_UNINITIALIZED_AUTOS = YES_AGGRESSIVE;
				GCC_WARN_UNUSED_FUNCTION = YES;
				GCC_WARN_UNUSED_VARIABLE = YES;
				MACOSX_DEPLOYMENT_TARGET = 10.10;
				MTL_ENABLE_DEBUG_INFO = NO;
				SDKROOT = macosx;
				VERSIONING_SYSTEM = "apple-generic";
				VERSION_INFO_PREFIX = "";
			};
			name = Release;
		};
		C6DEB8431B3A66C500477ED2 /* Debug */ = {
			isa = XCBuildConfiguration;
			buildSettings = {
				COMBINE_HIDPI_IMAGES = YES;
				DEFINES_MODULE = YES;
				DYLIB_COMPATIBILITY_VERSION = 1;
				DYLIB_CURRENT_VERSION = 1;
				DYLIB_INSTALL_NAME_BASE = "$(INSTALL_PATH)";
				FRAMEWORK_VERSION = A;
				INFOPLIST_FILE = YCKeychainService/Info.plist;
				INSTALL_PATH = "@executable_path/../Frameworks";
				LD_RUNPATH_SEARCH_PATHS = "$(inherited) @executable_path/../Frameworks @loader_path/Frameworks";
				MACOSX_DEPLOYMENT_TARGET = 10.6;
				PRODUCT_NAME = "$(TARGET_NAME)";
				SKIP_INSTALL = YES;
			};
			name = Debug;
		};
		C6DEB8441B3A66C500477ED2 /* Release */ = {
			isa = XCBuildConfiguration;
			buildSettings = {
				COMBINE_HIDPI_IMAGES = YES;
				DEFINES_MODULE = YES;
				DYLIB_COMPATIBILITY_VERSION = 1;
				DYLIB_CURRENT_VERSION = 1;
				DYLIB_INSTALL_NAME_BASE = "$(INSTALL_PATH)";
				FRAMEWORK_VERSION = A;
				INFOPLIST_FILE = YCKeychainService/Info.plist;
				INSTALL_PATH = "@executable_path/../Frameworks";
				LD_RUNPATH_SEARCH_PATHS = "$(inherited) @executable_path/../Frameworks @loader_path/Frameworks";
				MACOSX_DEPLOYMENT_TARGET = 10.6;
				PRODUCT_NAME = "$(TARGET_NAME)";
				SKIP_INSTALL = YES;
			};
			name = Release;
		};
		C6DEB8461B3A66C500477ED2 /* Debug */ = {
			isa = XCBuildConfiguration;
			buildSettings = {
				COMBINE_HIDPI_IMAGES = YES;
				FRAMEWORK_SEARCH_PATHS = (
					"$(DEVELOPER_FRAMEWORKS_DIR)",
					"$(inherited)",
				);
				GCC_PREPROCESSOR_DEFINITIONS = (
					"DEBUG=1",
					"$(inherited)",
				);
				INFOPLIST_FILE = YCKeychainServiceTests/Info.plist;
				LD_RUNPATH_SEARCH_PATHS = "$(inherited) @executable_path/../Frameworks @loader_path/../Frameworks";
				PRODUCT_NAME = "$(TARGET_NAME)";
			};
			name = Debug;
		};
		C6DEB8471B3A66C500477ED2 /* Release */ = {
			isa = XCBuildConfiguration;
			buildSettings = {
				COMBINE_HIDPI_IMAGES = YES;
				FRAMEWORK_SEARCH_PATHS = (
					"$(DEVELOPER_FRAMEWORKS_DIR)",
					"$(inherited)",
				);
				INFOPLIST_FILE = YCKeychainServiceTests/Info.plist;
				LD_RUNPATH_SEARCH_PATHS = "$(inherited) @executable_path/../Frameworks @loader_path/../Frameworks";
				PRODUCT_NAME = "$(TARGET_NAME)";
			};
			name = Release;
		};
/* End XCBuildConfiguration section */

/* Begin XCConfigurationList section */
		C6DEB8261B3A66C500477ED2 /* Build configuration list for PBXProject "YCKeychainService" */ = {
			isa = XCConfigurationList;
			buildConfigurations = (
				C6DEB8401B3A66C500477ED2 /* Debug */,
				C6DEB8411B3A66C500477ED2 /* Release */,
			);
			defaultConfigurationIsVisible = 0;
			defaultConfigurationName = Release;
		};
		C6DEB8421B3A66C500477ED2 /* Build configuration list for PBXNativeTarget "YCKeychainService" */ = {
			isa = XCConfigurationList;
			buildConfigurations = (
				C6DEB8431B3A66C500477ED2 /* Debug */,
				C6DEB8441B3A66C500477ED2 /* Release */,
			);
			defaultConfigurationIsVisible = 0;
			defaultConfigurationName = Release;
		};
		C6DEB8451B3A66C500477ED2 /* Build configuration list for PBXNativeTarget "YCKeychainServiceTests" */ = {
			isa = XCConfigurationList;
			buildConfigurations = (
				C6DEB8461B3A66C500477ED2 /* Debug */,
				C6DEB8471B3A66C500477ED2 /* Release */,
			);
			defaultConfigurationIsVisible = 0;
			defaultConfigurationName = Release;
		};
/* End XCConfigurationList section */
	};
	rootObject = C6DEB8231B3A66C500477ED2 /* Project object */;
}
